{
  "name": "pandemic-perf",
  "version": "1.0.0",
  "lockfileVersion": 1,
  "requires": true,
  "dependencies": {
    "integrate-adaptive-simpson": {
      "version": "1.1.1",
      "resolved": "https://registry.npmjs.org/integrate-adaptive-simpson/-/integrate-adaptive-simpson-1.1.1.tgz",
      "integrity": "sha1-gWHL77UOQw0U/RVIlXUJK6sdLGk="
    },
    "odex": {
      "version": "2.0.4",
      "resolved": "https://registry.npmjs.org/odex/-/odex-2.0.4.tgz",
      "integrity": "sha1-VPZKtwZnNrjJAGhgYBVvOpBURw8="
    }
  }
}
